
Microsoft Visual Studio Solution File, Format Version 12.00
# Visual Studio 15
VisualStudioVersion = 15.0.26124.0
MinimumVisualStudioVersion = 15.0.26124.0
Project("{2150E333-8FDC-42A3-9474-1A3956D46DE8}") = "Domain", "Domain", "{1CD7DAE4-74B8-4D8C-B4C7-C0B5577BE6FE}"
EndProject
Project("{FAE04EC0-301F-11D3-BF4B-00C04F79EFBC}") = "TD_ApplicationCore", "Domain\TD_ApplicationCore\TD_ApplicationCore.csproj", "{DEFAB787-ECFF-4608-83EA-F122A2B23B17}"
EndProject
Project("{2150E333-8FDC-42A3-9474-1A3956D46DE8}") = "Infrastruture", "Infrastruture", "{8FE46824-3C51-4B6E-A788-04B26CB62D38}"
EndProject
Project("{FAE04EC0-301F-11D3-BF4B-00C04F79EFBC}") = "TD_Infrastructure", "Infrastruture\TD_Infrastructure\TD_Infrastructure.csproj", "{2A4AB4A8-7109-4779-A8B5-4C9358EE2280}"
EndProject
Project("{2150E333-8FDC-42A3-9474-1A3956D46DE8}") = "UI", "UI", "{9CB0627A-35C6-420F-A97F-E0F83C0EE7F7}"
EndProject
Project("{FAE04EC0-301F-11D3-BF4B-00C04F79EFBC}") = "TD_API", "UI\TD_API\TD_API.csproj", "{2D11E8D3-CC87-478D-8F59-C5DDF3A42C5A}"
EndProject
Global
	GlobalSection(SolutionConfigurationPlatforms) = preSolution
		Debug|Any CPU = Debug|Any CPU
		Debug|x64 = Debug|x64
		Debug|x86 = Debug|x86
		Release|Any CPU = Release|Any CPU
		Release|x64 = Release|x64
		Release|x86 = Release|x86
	EndGlobalSection
	GlobalSection(SolutionProperties) = preSolution
		HideSolutionNode = FALSE
	EndGlobalSection
	GlobalSection(ProjectConfigurationPlatforms) = postSolution
		{DEFAB787-ECFF-4608-83EA-F122A2B23B17}.Debug|Any CPU.ActiveCfg = Debug|Any CPU
		{DEFAB787-ECFF-4608-83EA-F122A2B23B17}.Debug|Any CPU.Build.0 = Debug|Any CPU
		{DEFAB787-ECFF-4608-83EA-F122A2B23B17}.Debug|x64.ActiveCfg = Debug|Any CPU
		{DEFAB787-ECFF-4608-83EA-F122A2B23B17}.Debug|x64.Build.0 = Debug|Any CPU
		{DEFAB787-ECFF-4608-83EA-F122A2B23B17}.Debug|x86.ActiveCfg = Debug|Any CPU
		{DEFAB787-ECFF-4608-83EA-F122A2B23B17}.Debug|x86.Build.0 = Debug|Any CPU
		{DEFAB787-ECFF-4608-83EA-F122A2B23B17}.Release|Any CPU.ActiveCfg = Release|Any CPU
		{DEFAB787-ECFF-4608-83EA-F122A2B23B17}.Release|Any CPU.Build.0 = Release|Any CPU
		{DEFAB787-ECFF-4608-83EA-F122A2B23B17}.Release|x64.ActiveCfg = Release|Any CPU
		{DEFAB787-ECFF-4608-83EA-F122A2B23B17}.Release|x64.Build.0 = Release|Any CPU
		{DEFAB787-ECFF-4608-83EA-F122A2B23B17}.Release|x86.ActiveCfg = Release|Any CPU
		{DEFAB787-ECFF-4608-83EA-F122A2B23B17}.Release|x86.Build.0 = Release|Any CPU
		{2A4AB4A8-7109-4779-A8B5-4C9358EE2280}.Debug|Any CPU.ActiveCfg = Debug|Any CPU
		{2A4AB4A8-7109-4779-A8B5-4C9358EE2280}.Debug|Any CPU.Build.0 = Debug|Any CPU
		{2A4AB4A8-7109-4779-A8B5-4C9358EE2280}.Debug|x64.ActiveCfg = Debug|Any CPU
		{2A4AB4A8-7109-4779-A8B5-4C9358EE2280}.Debug|x64.Build.0 = Debug|Any CPU
		{2A4AB4A8-7109-4779-A8B5-4C9358EE2280}.Debug|x86.ActiveCfg = Debug|Any CPU
		{2A4AB4A8-7109-4779-A8B5-4C9358EE2280}.Debug|x86.Build.0 = Debug|Any CPU
		{2A4AB4A8-7109-4779-A8B5-4C9358EE2280}.Release|Any CPU.ActiveCfg = Release|Any CPU
		{2A4AB4A8-7109-4779-A8B5-4C9358EE2280}.Release|Any CPU.Build.0 = Release|Any CPU
		{2A4AB4A8-7109-4779-A8B5-4C9358EE2280}.Release|x64.ActiveCfg = Release|Any CPU
		{2A4AB4A8-7109-4779-A8B5-4C9358EE2280}.Release|x64.Build.0 = Release|Any CPU
		{2A4AB4A8-7109-4779-A8B5-4C9358EE2280}.Release|x86.ActiveCfg = Release|Any CPU
		{2A4AB4A8-7109-4779-A8B5-4C9358EE2280}.Release|x86.Build.0 = Release|Any CPU
		{2D11E8D3-CC87-478D-8F59-C5DDF3A42C5A}.Debug|Any CPU.ActiveCfg = Debug|Any CPU
		{2D11E8D3-CC87-478D-8F59-C5DDF3A42C5A}.Debug|Any CPU.Build.0 = Debug|Any CPU
		{2D11E8D3-CC87-478D-8F59-C5DDF3A42C5A}.Debug|x64.ActiveCfg = Debug|Any CPU
		{2D11E8D3-CC87-478D-8F59-C5DDF3A42C5A}.Debug|x64.Build.0 = Debug|Any CPU
		{2D11E8D3-CC87-478D-8F59-C5DDF3A42C5A}.Debug|x86.ActiveCfg = Debug|Any CPU
		{2D11E8D3-CC87-478D-8F59-C5DDF3A42C5A}.Debug|x86.Build.0 = Debug|Any CPU
		{2D11E8D3-CC87-478D-8F59-C5DDF3A42C5A}.Release|Any CPU.ActiveCfg = Release|Any CPU
		{2D11E8D3-CC87-478D-8F59-C5DDF3A42C5A}.Release|Any CPU.Build.0 = Release|Any CPU
		{2D11E8D3-CC87-478D-8F59-C5DDF3A42C5A}.Release|x64.ActiveCfg = Release|Any CPU
		{2D11E8D3-CC87-478D-8F59-C5DDF3A42C5A}.Release|x64.Build.0 = Release|Any CPU
		{2D11E8D3-CC87-478D-8F59-C5DDF3A42C5A}.Release|x86.ActiveCfg = Release|Any CPU
		{2D11E8D3-CC87-478D-8F59-C5DDF3A42C5A}.Release|x86.Build.0 = Release|Any CPU
	EndGlobalSection
	GlobalSection(NestedProjects) = preSolution
		{DEFAB787-ECFF-4608-83EA-F122A2B23B17} = {1CD7DAE4-74B8-4D8C-B4C7-C0B5577BE6FE}
		{2A4AB4A8-7109-4779-A8B5-4C9358EE2280} = {8FE46824-3C51-4B6E-A788-04B26CB62D38}
		{2D11E8D3-CC87-478D-8F59-C5DDF3A42C5A} = {9CB0627A-35C6-420F-A97F-E0F83C0EE7F7}
	EndGlobalSection
EndGlobal
